{
  "version": "3",
  "packages": {
    "specifiers": {
      "npm:effect": "npm:effect@3.7.2"
    },
    "npm": {
      "effect@3.7.2": {
        "integrity": "sha512-pV7l1+LSZFvVObj4zuy4nYiBaC7qZOfrKV6s/Ef4p3KueiQwZFgamazklwyZ+x7Nyj2etRDFvHE/xkThTfQD1w==",
        "dependencies": {}
      }
    }
  },
  "remote": {},
  "workspace": {
    "dependencies": [
      "jsr:@std/assert@1"
    ]
  }
}
